
Microsoft Visual Studio Solution File, Format Version 12.00
# Visual Studio Version 17
VisualStudioVersion = 17.4.33205.214
MinimumVisualStudioVersion = 10.0.40219.1
Project("{FAE04EC0-301F-11D3-BF4B-00C04F79EFBC}") = "DemoGITGrupp", "DemoGITGrupp\DemoGITGrupp.csproj", "{74C0D484-0007-4393-85EE-C7884AE660BF}"
EndProject
Global
	GlobalSection(SolutionConfigurationPlatforms) = preSolution
		Debug|Any CPU = Debug|Any CPU
		Release|Any CPU = Release|Any CPU
	EndGlobalSection
	GlobalSection(ProjectConfigurationPlatforms) = postSolution
		{74C0D484-0007-4393-85EE-C7884AE660BF}.Debug|Any CPU.ActiveCfg = Debug|Any CPU
		{74C0D484-0007-4393-85EE-C7884AE660BF}.Debug|Any CPU.Build.0 = Debug|Any CPU
		{74C0D484-0007-4393-85EE-C7884AE660BF}.Release|Any CPU.ActiveCfg = Release|Any CPU
		{74C0D484-0007-4393-85EE-C7884AE660BF}.Release|Any CPU.Build.0 = Release|Any CPU
	EndGlobalSection
	GlobalSection(SolutionProperties) = preSolution
		HideSolutionNode = FALSE
	EndGlobalSection
	GlobalSection(ExtensibilityGlobals) = postSolution
		SolutionGuid = {14B227FE-C724-4D01-919B-D880F8A84C66}
	EndGlobalSection
EndGlobal
